
Microsoft Visual Studio Solution File, Format Version 12.00
# Visual Studio Version 16
VisualStudioVersion = 25.0.1700.7
MinimumVisualStudioVersion = 10.0.40219.1
Project("{FAE04EC0-301F-11D3-BF4B-00C04F79EFBC}") = "Final_Project_ASP_MVC", "Final_Project_ASP_MVC\Final_Project_ASP_MVC.csproj", "{D705314A-2F80-4879-81AB-A2B5EB45CA73}"
EndProject
Global
	GlobalSection(SolutionConfigurationPlatforms) = preSolution
		Debug|Any CPU = Debug|Any CPU
		Release|Any CPU = Release|Any CPU
	EndGlobalSection
	GlobalSection(ProjectConfigurationPlatforms) = postSolution
		{D705314A-2F80-4879-81AB-A2B5EB45CA73}.Debug|Any CPU.ActiveCfg = Debug|Any CPU
		{D705314A-2F80-4879-81AB-A2B5EB45CA73}.Debug|Any CPU.Build.0 = Debug|Any CPU
		{D705314A-2F80-4879-81AB-A2B5EB45CA73}.Release|Any CPU.ActiveCfg = Release|Any CPU
		{D705314A-2F80-4879-81AB-A2B5EB45CA73}.Release|Any CPU.Build.0 = Release|Any CPU
	EndGlobalSection
	GlobalSection(SolutionProperties) = preSolution
		HideSolutionNode = FALSE
	EndGlobalSection
	GlobalSection(ExtensibilityGlobals) = postSolution
		SolutionGuid = {A0FA6E71-C82B-46C7-BBCF-7210A7A7492E}
	EndGlobalSection
EndGlobal
